{
    "name": "winccoa-tools-package",
    "version": "0.1.0",
    "lockfileVersion": 2,
    "requires": true,
    "packages": {
        "": {
            "name": "winccoa-tools-package",
            "version": "0.1.0",
            "license": "MIT",
            "engines": {
                "vscode": "^1.60.0"
            }
        }
    }
}
